
Microsoft Visual Studio Solution File, Format Version 12.00
# Visual Studio Version 17
VisualStudioVersion = 17.7.34221.43
MinimumVisualStudioVersion = 10.0.40219.1
Project("{FAE04EC0-301F-11D3-BF4B-00C04F79EFBC}") = "UserAPI", "UserAPI\UserAPI.csproj", "{02151FD7-0CD8-4A03-88F4-47BF6B6EA178}"
EndProject
Global
	GlobalSection(SolutionConfigurationPlatforms) = preSolution
		Debug|Any CPU = Debug|Any CPU
		Release|Any CPU = Release|Any CPU
	EndGlobalSection
	GlobalSection(ProjectConfigurationPlatforms) = postSolution
		{02151FD7-0CD8-4A03-88F4-47BF6B6EA178}.Debug|Any CPU.ActiveCfg = Debug|Any CPU
		{02151FD7-0CD8-4A03-88F4-47BF6B6EA178}.Debug|Any CPU.Build.0 = Debug|Any CPU
		{02151FD7-0CD8-4A03-88F4-47BF6B6EA178}.Release|Any CPU.ActiveCfg = Release|Any CPU
		{02151FD7-0CD8-4A03-88F4-47BF6B6EA178}.Release|Any CPU.Build.0 = Release|Any CPU
	EndGlobalSection
	GlobalSection(SolutionProperties) = preSolution
		HideSolutionNode = FALSE
	EndGlobalSection
	GlobalSection(ExtensibilityGlobals) = postSolution
		SolutionGuid = {F7D57332-D55E-4BB5-BF2B-5A3FC0E1C6AD}
	EndGlobalSection
EndGlobal
